// !$*UTF8*$!
{
	archiveVersion = 1;
	classes = {
	};
	objectVersion = 48;
	objects = {

/* Begin PBXBuildFile section */
		822F7A3520576545007727FA /* cJSON.c in Sources */ = {isa = PBXBuildFile; fileRef = 822F7A3320576545007727FA /* cJSON.c */; };
		822F7A3B2057C34F007727FA /* send_output.c in Sources */ = {isa = PBXBuildFile; fileRef = 822F7A392057C34F007727FA /* send_output.c */; };
		823B7099205A110500949F06 /* data_error.c in Sources */ = {isa = PBXBuildFile; fileRef = 823B707B205A110500949F06 /* data_error.c */; };
		823B709A205A110500949F06 /* login_request.c in Sources */ = {isa = PBXBuildFile; fileRef = 823B707D205A110500949F06 /* login_request.c */; };
		823B709B205A110500949F06 /* login_response.c in Sources */ = {isa = PBXBuildFile; fileRef = 823B707F205A110500949F06 /* login_response.c */; };
		823B709C205A110500949F06 /* logout_request.c in Sources */ = {isa = PBXBuildFile; fileRef = 823B7081205A110500949F06 /* logout_request.c */; };
		823B709D205A110500949F06 /* logout_response.c in Sources */ = {isa = PBXBuildFile; fileRef = 823B7083205A110500949F06 /* logout_response.c */; };
		823B709E205A110500949F06 /* protocol.c in Sources */ = {isa = PBXBuildFile; fileRef = 823B7085205A110500949F06 /* protocol.c */; };
		823B70A0205A110500949F06 /* register_request.c in Sources */ = {isa = PBXBuildFile; fileRef = 823B7089205A110500949F06 /* register_request.c */; };
		823B70A1205A110500949F06 /* register_response.c in Sources */ = {isa = PBXBuildFile; fileRef = 823B708B205A110500949F06 /* register_response.c */; };
		823B70A2205A110500949F06 /* send_msg_request.c in Sources */ = {isa = PBXBuildFile; fileRef = 823B708D205A110500949F06 /* send_msg_request.c */; };
		823B70A3205A110500949F06 /* send_msg_response.c in Sources */ = {isa = PBXBuildFile; fileRef = 823B708F205A110500949F06 /* send_msg_response.c */; };
		823B70A4205A110500949F06 /* user_info_request.c in Sources */ = {isa = PBXBuildFile; fileRef = 823B7091205A110500949F06 /* user_info_request.c */; };
		823B70A5205A110500949F06 /* user_info_response.c in Sources */ = {isa = PBXBuildFile; fileRef = 823B7093205A110500949F06 /* user_info_response.c */; };
		823B70A6205A110500949F06 /* user_list_request.c in Sources */ = {isa = PBXBuildFile; fileRef = 823B7095205A110500949F06 /* user_list_request.c */; };
		823B70A7205A110500949F06 /* user_list_response.c in Sources */ = {isa = PBXBuildFile; fileRef = 823B7097205A110500949F06 /* user_list_response.c */; };
		823B70BF205A480100949F06 /* utils.c in Sources */ = {isa = PBXBuildFile; fileRef = 823B70BE205A480100949F06 /* utils.c */; };
		823B70C6205A52E100949F06 /* handle_input.c in Sources */ = {isa = PBXBuildFile; fileRef = 823B70C4205A52E100949F06 /* handle_input.c */; };
		823B70C9205A530900949F06 /* handle_test_input.c in Sources */ = {isa = PBXBuildFile; fileRef = 823B70C7205A530900949F06 /* handle_test_input.c */; };
		823B70CC205A534500949F06 /* handle_login_input.c in Sources */ = {isa = PBXBuildFile; fileRef = 823B70CA205A534400949F06 /* handle_login_input.c */; };
		823B70CF205A544D00949F06 /* handle_user_list_input.c in Sources */ = {isa = PBXBuildFile; fileRef = 823B70CD205A544D00949F06 /* handle_user_list_input.c */; };
		823B70D3205A59B600949F06 /* handle_recv.c in Sources */ = {isa = PBXBuildFile; fileRef = 823B70D1205A59B600949F06 /* handle_recv.c */; };
		823B70D6205A59E100949F06 /* handle_test_recv.c in Sources */ = {isa = PBXBuildFile; fileRef = 823B70D4205A59E100949F06 /* handle_test_recv.c */; };
		823B70D9205A59F200949F06 /* handle_error_recv.c in Sources */ = {isa = PBXBuildFile; fileRef = 823B70D7205A59F200949F06 /* handle_error_recv.c */; };
		823B70DC205A5A0100949F06 /* handle_login_recv.c in Sources */ = {isa = PBXBuildFile; fileRef = 823B70DA205A5A0100949F06 /* handle_login_recv.c */; };
		823B70DF205A5B1200949F06 /* handle_user_list_recv.c in Sources */ = {isa = PBXBuildFile; fileRef = 823B70DD205A5B1200949F06 /* handle_user_list_recv.c */; };
		823B70E2205A718C00949F06 /* handle_send_input.c in Sources */ = {isa = PBXBuildFile; fileRef = 823B70E0205A718C00949F06 /* handle_send_input.c */; };
		823B70E8205A7A5700949F06 /* handle_send_recv.c in Sources */ = {isa = PBXBuildFile; fileRef = 823B70E6205A7A5700949F06 /* handle_send_recv.c */; };
		823B70EE205A7B5900949F06 /* message.c in Sources */ = {isa = PBXBuildFile; fileRef = 823B70EC205A7B5800949F06 /* message.c */; };
		824BFB20205B59ED009AE8E5 /* handle_message_recv.c in Sources */ = {isa = PBXBuildFile; fileRef = 824BFB1E205B59ED009AE8E5 /* handle_message_recv.c */; };
		8270E2DB204D17A10096A094 /* client.c in Sources */ = {isa = PBXBuildFile; fileRef = 8270E2D9204D17A10096A094 /* client.c */; };
		8270E2DD204D18470096A094 /* tcp_connect.c in Sources */ = {isa = PBXBuildFile; fileRef = 8270E2DC204D18470096A094 /* tcp_connect.c */; };
		8270E2DF204D191C0096A094 /* error.c in Sources */ = {isa = PBXBuildFile; fileRef = 8270E2DE204D191C0096A094 /* error.c */; };
		82BE197B20637F750003323A /* handle_logout_input.c in Sources */ = {isa = PBXBuildFile; fileRef = 82BE197920637F750003323A /* handle_logout_input.c */; };
		82BE197E206380380003323A /* handle_logout_recv.c in Sources */ = {isa = PBXBuildFile; fileRef = 82BE197C206380380003323A /* handle_logout_recv.c */; };
/* End PBXBuildFile section */

/* Begin PBXCopyFilesBuildPhase section */
		8270E2CD204D17500096A094 /* CopyFiles */ = {
			isa = PBXCopyFilesBuildPhase;
			buildActionMask = 2147483647;
			dstPath = /usr/share/man/man1/;
			dstSubfolderSpec = 0;
			files = (
			);
			runOnlyForDeploymentPostprocessing = 1;
		};
/* End PBXCopyFilesBuildPhase section */

/* Begin PBXFileReference section */
		822F7A3320576545007727FA /* cJSON.c */ = {isa = PBXFileReference; fileEncoding = 4; lastKnownFileType = sourcecode.c.c; path = cJSON.c; sourceTree = "<group>"; };
		822F7A3420576545007727FA /* cJSON.h */ = {isa = PBXFileReference; fileEncoding = 4; lastKnownFileType = sourcecode.c.h; path = cJSON.h; sourceTree = "<group>"; };
		822F7A392057C34F007727FA /* send_output.c */ = {isa = PBXFileReference; lastKnownFileType = sourcecode.c.c; path = send_output.c; sourceTree = "<group>"; };
		822F7A3A2057C34F007727FA /* send_output.h */ = {isa = PBXFileReference; lastKnownFileType = sourcecode.c.h; path = send_output.h; sourceTree = "<group>"; };
		823B707B205A110500949F06 /* data_error.c */ = {isa = PBXFileReference; fileEncoding = 4; lastKnownFileType = sourcecode.c.c; path = data_error.c; sourceTree = "<group>"; };
		823B707C205A110500949F06 /* data_error.h */ = {isa = PBXFileReference; fileEncoding = 4; lastKnownFileType = sourcecode.c.h; path = data_error.h; sourceTree = "<group>"; };
		823B707D205A110500949F06 /* login_request.c */ = {isa = PBXFileReference; fileEncoding = 4; lastKnownFileType = sourcecode.c.c; path = login_request.c; sourceTree = "<group>"; };
		823B707E205A110500949F06 /* login_request.h */ = {isa = PBXFileReference; fileEncoding = 4; lastKnownFileType = sourcecode.c.h; path = login_request.h; sourceTree = "<group>"; };
		823B707F205A110500949F06 /* login_response.c */ = {isa = PBXFileReference; fileEncoding = 4; lastKnownFileType = sourcecode.c.c; path = login_response.c; sourceTree = "<group>"; };
		823B7080205A110500949F06 /* login_response.h */ = {isa = PBXFileReference; fileEncoding = 4; lastKnownFileType = sourcecode.c.h; path = login_response.h; sourceTree = "<group>"; };
		823B7081205A110500949F06 /* logout_request.c */ = {isa = PBXFileReference; fileEncoding = 4; lastKnownFileType = sourcecode.c.c; path = logout_request.c; sourceTree = "<group>"; };
		823B7082205A110500949F06 /* logout_request.h */ = {isa = PBXFileReference; fileEncoding = 4; lastKnownFileType = sourcecode.c.h; path = logout_request.h; sourceTree = "<group>"; };
		823B7083205A110500949F06 /* logout_response.c */ = {isa = PBXFileReference; fileEncoding = 4; lastKnownFileType = sourcecode.c.c; path = logout_response.c; sourceTree = "<group>"; };
		823B7084205A110500949F06 /* logout_response.h */ = {isa = PBXFileReference; fileEncoding = 4; lastKnownFileType = sourcecode.c.h; path = logout_response.h; sourceTree = "<group>"; };
		823B7085205A110500949F06 /* protocol.c */ = {isa = PBXFileReference; fileEncoding = 4; lastKnownFileType = sourcecode.c.c; path = protocol.c; sourceTree = "<group>"; };
		823B7086205A110500949F06 /* protocol.h */ = {isa = PBXFileReference; fileEncoding = 4; lastKnownFileType = sourcecode.c.h; path = protocol.h; sourceTree = "<group>"; };
		823B7089205A110500949F06 /* register_request.c */ = {isa = PBXFileReference; fileEncoding = 4; lastKnownFileType = sourcecode.c.c; path = register_request.c; sourceTree = "<group>"; };
		823B708A205A110500949F06 /* register_request.h */ = {isa = PBXFileReference; fileEncoding = 4; lastKnownFileType = sourcecode.c.h; path = register_request.h; sourceTree = "<group>"; };
		823B708B205A110500949F06 /* register_response.c */ = {isa = PBXFileReference; fileEncoding = 4; lastKnownFileType = sourcecode.c.c; path = register_response.c; sourceTree = "<group>"; };
		823B708C205A110500949F06 /* register_response.h */ = {isa = PBXFileReference; fileEncoding = 4; lastKnownFileType = sourcecode.c.h; path = register_response.h; sourceTree = "<group>"; };
		823B708D205A110500949F06 /* send_msg_request.c */ = {isa = PBXFileReference; fileEncoding = 4; lastKnownFileType = sourcecode.c.c; path = send_msg_request.c; sourceTree = "<group>"; };
		823B708E205A110500949F06 /* send_msg_request.h */ = {isa = PBXFileReference; fileEncoding = 4; lastKnownFileType = sourcecode.c.h; path = send_msg_request.h; sourceTree = "<group>"; };
		823B708F205A110500949F06 /* send_msg_response.c */ = {isa = PBXFileReference; fileEncoding = 4; lastKnownFileType = sourcecode.c.c; path = send_msg_response.c; sourceTree = "<group>"; };
		823B7090205A110500949F06 /* send_msg_response.h */ = {isa = PBXFileReference; fileEncoding = 4; lastKnownFileType = sourcecode.c.h; path = send_msg_response.h; sourceTree = "<group>"; };
		823B7091205A110500949F06 /* user_info_request.c */ = {isa = PBXFileReference; fileEncoding = 4; lastKnownFileType = sourcecode.c.c; path = user_info_request.c; sourceTree = "<group>"; };
		823B7092205A110500949F06 /* user_info_request.h */ = {isa = PBXFileReference; fileEncoding = 4; lastKnownFileType = sourcecode.c.h; path = user_info_request.h; sourceTree = "<group>"; };
		823B7093205A110500949F06 /* user_info_response.c */ = {isa = PBXFileReference; fileEncoding = 4; lastKnownFileType = sourcecode.c.c; path = user_info_response.c; sourceTree = "<group>"; };
		823B7094205A110500949F06 /* user_info_response.h */ = {isa = PBXFileReference; fileEncoding = 4; lastKnownFileType = sourcecode.c.h; path = user_info_response.h; sourceTree = "<group>"; };
		823B7095205A110500949F06 /* user_list_request.c */ = {isa = PBXFileReference; fileEncoding = 4; lastKnownFileType = sourcecode.c.c; path = user_list_request.c; sourceTree = "<group>"; };
		823B7096205A110500949F06 /* user_list_request.h */ = {isa = PBXFileReference; fileEncoding = 4; lastKnownFileType = sourcecode.c.h; path = user_list_request.h; sourceTree = "<group>"; };
		823B7097205A110500949F06 /* user_list_response.c */ = {isa = PBXFileReference; fileEncoding = 4; lastKnownFileType = sourcecode.c.c; path = user_list_response.c; sourceTree = "<group>"; };
		823B7098205A110500949F06 /* user_list_response.h */ = {isa = PBXFileReference; fileEncoding = 4; lastKnownFileType = sourcecode.c.h; path = user_list_response.h; sourceTree = "<group>"; };
		823B70BD205A47FB00949F06 /* utils.h */ = {isa = PBXFileReference; fileEncoding = 4; lastKnownFileType = sourcecode.c.h; path = utils.h; sourceTree = "<group>"; };
		823B70BE205A480100949F06 /* utils.c */ = {isa = PBXFileReference; fileEncoding = 4; lastKnownFileType = sourcecode.c.c; path = utils.c; sourceTree = "<group>"; };
		823B70C4205A52E100949F06 /* handle_input.c */ = {isa = PBXFileReference; lastKnownFileType = sourcecode.c.c; path = handle_input.c; sourceTree = "<group>"; };
		823B70C5205A52E100949F06 /* handle_input.h */ = {isa = PBXFileReference; lastKnownFileType = sourcecode.c.h; path = handle_input.h; sourceTree = "<group>"; };
		823B70C7205A530900949F06 /* handle_test_input.c */ = {isa = PBXFileReference; lastKnownFileType = sourcecode.c.c; path = handle_test_input.c; sourceTree = "<group>"; };
		823B70C8205A530900949F06 /* handle_test_input.h */ = {isa = PBXFileReference; lastKnownFileType = sourcecode.c.h; path = handle_test_input.h; sourceTree = "<group>"; };
		823B70CA205A534400949F06 /* handle_login_input.c */ = {isa = PBXFileReference; lastKnownFileType = sourcecode.c.c; path = handle_login_input.c; sourceTree = "<group>"; };
		823B70CB205A534500949F06 /* handle_login_input.h */ = {isa = PBXFileReference; lastKnownFileType = sourcecode.c.h; path = handle_login_input.h; sourceTree = "<group>"; };
		823B70CD205A544D00949F06 /* handle_user_list_input.c */ = {isa = PBXFileReference; lastKnownFileType = sourcecode.c.c; path = handle_user_list_input.c; sourceTree = "<group>"; };
		823B70CE205A544D00949F06 /* handle_user_list_input.h */ = {isa = PBXFileReference; lastKnownFileType = sourcecode.c.h; path = handle_user_list_input.h; sourceTree = "<group>"; };
		823B70D1205A59B600949F06 /* handle_recv.c */ = {isa = PBXFileReference; lastKnownFileType = sourcecode.c.c; path = handle_recv.c; sourceTree = "<group>"; };
		823B70D2205A59B600949F06 /* handle_recv.h */ = {isa = PBXFileReference; lastKnownFileType = sourcecode.c.h; path = handle_recv.h; sourceTree = "<group>"; };
		823B70D4205A59E100949F06 /* handle_test_recv.c */ = {isa = PBXFileReference; lastKnownFileType = sourcecode.c.c; path = handle_test_recv.c; sourceTree = "<group>"; };
		823B70D5205A59E100949F06 /* handle_test_recv.h */ = {isa = PBXFileReference; lastKnownFileType = sourcecode.c.h; path = handle_test_recv.h; sourceTree = "<group>"; };
		823B70D7205A59F200949F06 /* handle_error_recv.c */ = {isa = PBXFileReference; lastKnownFileType = sourcecode.c.c; path = handle_error_recv.c; sourceTree = "<group>"; };
		823B70D8205A59F200949F06 /* handle_error_recv.h */ = {isa = PBXFileReference; lastKnownFileType = sourcecode.c.h; path = handle_error_recv.h; sourceTree = "<group>"; };
		823B70DA205A5A0100949F06 /* handle_login_recv.c */ = {isa = PBXFileReference; lastKnownFileType = sourcecode.c.c; path = handle_login_recv.c; sourceTree = "<group>"; };
		823B70DB205A5A0100949F06 /* handle_login_recv.h */ = {isa = PBXFileReference; lastKnownFileType = sourcecode.c.h; path = handle_login_recv.h; sourceTree = "<group>"; };
		823B70DD205A5B1200949F06 /* handle_user_list_recv.c */ = {isa = PBXFileReference; lastKnownFileType = sourcecode.c.c; path = handle_user_list_recv.c; sourceTree = "<group>"; };
		823B70DE205A5B1200949F06 /* handle_user_list_recv.h */ = {isa = PBXFileReference; lastKnownFileType = sourcecode.c.h; path = handle_user_list_recv.h; sourceTree = "<group>"; };
		823B70E0205A718C00949F06 /* handle_send_input.c */ = {isa = PBXFileReference; lastKnownFileType = sourcecode.c.c; path = handle_send_input.c; sourceTree = "<group>"; };
		823B70E1205A718C00949F06 /* handle_send_input.h */ = {isa = PBXFileReference; lastKnownFileType = sourcecode.c.h; path = handle_send_input.h; sourceTree = "<group>"; };
		823B70E6205A7A5700949F06 /* handle_send_recv.c */ = {isa = PBXFileReference; lastKnownFileType = sourcecode.c.c; path = handle_send_recv.c; sourceTree = "<group>"; };
		823B70E7205A7A5700949F06 /* handle_send_recv.h */ = {isa = PBXFileReference; lastKnownFileType = sourcecode.c.h; path = handle_send_recv.h; sourceTree = "<group>"; };
		823B70EC205A7B5800949F06 /* message.c */ = {isa = PBXFileReference; fileEncoding = 4; lastKnownFileType = sourcecode.c.c; path = message.c; sourceTree = "<group>"; };
		823B70ED205A7B5800949F06 /* message.h */ = {isa = PBXFileReference; fileEncoding = 4; lastKnownFileType = sourcecode.c.h; path = message.h; sourceTree = "<group>"; };
		824BFB1E205B59ED009AE8E5 /* handle_message_recv.c */ = {isa = PBXFileReference; lastKnownFileType = sourcecode.c.c; path = handle_message_recv.c; sourceTree = "<group>"; };
		824BFB1F205B59ED009AE8E5 /* handle_message_recv.h */ = {isa = PBXFileReference; lastKnownFileType = sourcecode.c.h; path = handle_message_recv.h; sourceTree = "<group>"; };
		8270E2CF204D17500096A094 /* client */ = {isa = PBXFileReference; explicitFileType = "compiled.mach-o.executable"; includeInIndex = 0; path = client; sourceTree = BUILT_PRODUCTS_DIR; };
		8270E2D9204D17A10096A094 /* client.c */ = {isa = PBXFileReference; lastKnownFileType = sourcecode.c.c; path = client.c; sourceTree = "<group>"; };
		8270E2DA204D17A10096A094 /* client.h */ = {isa = PBXFileReference; lastKnownFileType = sourcecode.c.h; path = client.h; sourceTree = "<group>"; };
		8270E2DC204D18470096A094 /* tcp_connect.c */ = {isa = PBXFileReference; lastKnownFileType = sourcecode.c.c; path = tcp_connect.c; sourceTree = "<group>"; };
		8270E2DE204D191C0096A094 /* error.c */ = {isa = PBXFileReference; lastKnownFileType = sourcecode.c.c; path = error.c; sourceTree = "<group>"; };
		828D0F6620633D38009D175E /* typedefs.h */ = {isa = PBXFileReference; fileEncoding = 4; lastKnownFileType = sourcecode.c.h; name = typedefs.h; path = ../../server/server/typedefs.h; sourceTree = "<group>"; };
		82BE197920637F750003323A /* handle_logout_input.c */ = {isa = PBXFileReference; lastKnownFileType = sourcecode.c.c; path = handle_logout_input.c; sourceTree = "<group>"; };
		82BE197A20637F750003323A /* handle_logout_input.h */ = {isa = PBXFileReference; lastKnownFileType = sourcecode.c.h; path = handle_logout_input.h; sourceTree = "<group>"; };
		82BE197C206380380003323A /* handle_logout_recv.c */ = {isa = PBXFileReference; lastKnownFileType = sourcecode.c.c; path = handle_logout_recv.c; sourceTree = "<group>"; };
		82BE197D206380380003323A /* handle_logout_recv.h */ = {isa = PBXFileReference; lastKnownFileType = sourcecode.c.h; path = handle_logout_recv.h; sourceTree = "<group>"; };
/* End PBXFileReference section */

/* Begin PBXFrameworksBuildPhase section */
		8270E2CC204D17500096A094 /* Frameworks */ = {
			isa = PBXFrameworksBuildPhase;
			buildActionMask = 2147483647;
			files = (
			);
			runOnlyForDeploymentPostprocessing = 0;
		};
/* End PBXFrameworksBuildPhase section */

/* Begin PBXGroup section */
		822F7A3220576545007727FA /* cJSON */ = {
			isa = PBXGroup;
			children = (
				822F7A3320576545007727FA /* cJSON.c */,
				822F7A3420576545007727FA /* cJSON.h */,
			);
			name = cJSON;
			path = ../../server/server/cJSON;
			sourceTree = "<group>";
		};
		823B707A205A110500949F06 /* protocol */ = {
			isa = PBXGroup;
			children = (
				823B7085205A110500949F06 /* protocol.c */,
				823B7086205A110500949F06 /* protocol.h */,
				823B707B205A110500949F06 /* data_error.c */,
				823B707C205A110500949F06 /* data_error.h */,
				823B707D205A110500949F06 /* login_request.c */,
				823B707E205A110500949F06 /* login_request.h */,
				823B707F205A110500949F06 /* login_response.c */,
				823B7080205A110500949F06 /* login_response.h */,
				823B7081205A110500949F06 /* logout_request.c */,
				823B7082205A110500949F06 /* logout_request.h */,
				823B7083205A110500949F06 /* logout_response.c */,
				823B7084205A110500949F06 /* logout_response.h */,
				823B7089205A110500949F06 /* register_request.c */,
				823B708A205A110500949F06 /* register_request.h */,
				823B708B205A110500949F06 /* register_response.c */,
				823B708C205A110500949F06 /* register_response.h */,
				823B708D205A110500949F06 /* send_msg_request.c */,
				823B708E205A110500949F06 /* send_msg_request.h */,
				823B708F205A110500949F06 /* send_msg_response.c */,
				823B7090205A110500949F06 /* send_msg_response.h */,
				823B7091205A110500949F06 /* user_info_request.c */,
				823B7092205A110500949F06 /* user_info_request.h */,
				823B7093205A110500949F06 /* user_info_response.c */,
				823B7094205A110500949F06 /* user_info_response.h */,
				823B7095205A110500949F06 /* user_list_request.c */,
				823B7096205A110500949F06 /* user_list_request.h */,
				823B7097205A110500949F06 /* user_list_response.c */,
				823B7098205A110500949F06 /* user_list_response.h */,
				823B70EC205A7B5800949F06 /* message.c */,
				823B70ED205A7B5800949F06 /* message.h */,
			);
			name = protocol;
			path = ../../server/server/protocol;
			sourceTree = "<group>";
		};
		823B70C3205A52A400949F06 /* handle_input */ = {
			isa = PBXGroup;
			children = (
				823B70C4205A52E100949F06 /* handle_input.c */,
				823B70C5205A52E100949F06 /* handle_input.h */,
				823B70C7205A530900949F06 /* handle_test_input.c */,
				823B70C8205A530900949F06 /* handle_test_input.h */,
				823B70CA205A534400949F06 /* handle_login_input.c */,
				823B70CB205A534500949F06 /* handle_login_input.h */,
				823B70CD205A544D00949F06 /* handle_user_list_input.c */,
				823B70CE205A544D00949F06 /* handle_user_list_input.h */,
				823B70E0205A718C00949F06 /* handle_send_input.c */,
				823B70E1205A718C00949F06 /* handle_send_input.h */,
				82BE197920637F750003323A /* handle_logout_input.c */,
				82BE197A20637F750003323A /* handle_logout_input.h */,
			);
			path = handle_input;
			sourceTree = "<group>";
		};
		823B70D0205A597800949F06 /* handle_recv */ = {
			isa = PBXGroup;
			children = (
				823B70D1205A59B600949F06 /* handle_recv.c */,
				823B70D2205A59B600949F06 /* handle_recv.h */,
				823B70D4205A59E100949F06 /* handle_test_recv.c */,
				823B70D5205A59E100949F06 /* handle_test_recv.h */,
				823B70D7205A59F200949F06 /* handle_error_recv.c */,
				823B70D8205A59F200949F06 /* handle_error_recv.h */,
				823B70DA205A5A0100949F06 /* handle_login_recv.c */,
				823B70DB205A5A0100949F06 /* handle_login_recv.h */,
				823B70DD205A5B1200949F06 /* handle_user_list_recv.c */,
				823B70DE205A5B1200949F06 /* handle_user_list_recv.h */,
				823B70E6205A7A5700949F06 /* handle_send_recv.c */,
				823B70E7205A7A5700949F06 /* handle_send_recv.h */,
				824BFB1E205B59ED009AE8E5 /* handle_message_recv.c */,
				824BFB1F205B59ED009AE8E5 /* handle_message_recv.h */,
				82BE197C206380380003323A /* handle_logout_recv.c */,
				82BE197D206380380003323A /* handle_logout_recv.h */,
			);
			path = handle_recv;
			sourceTree = "<group>";
		};
		8270E2C6204D17500096A094 = {
			isa = PBXGroup;
			children = (
				8270E2D1204D17500096A094 /* client */,
				8270E2D0204D17500096A094 /* Products */,
			);
			sourceTree = "<group>";
		};
		8270E2D0204D17500096A094 /* Products */ = {
			isa = PBXGroup;
			children = (
				8270E2CF204D17500096A094 /* client */,
			);
			name = Products;
			sourceTree = "<group>";
		};
		8270E2D1204D17500096A094 /* client */ = {
			isa = PBXGroup;
			children = (
				823B70D0205A597800949F06 /* handle_recv */,
				823B70C3205A52A400949F06 /* handle_input */,
				823B707A205A110500949F06 /* protocol */,
				822F7A3220576545007727FA /* cJSON */,
				8270E2D9204D17A10096A094 /* client.c */,
				8270E2DA204D17A10096A094 /* client.h */,
				8270E2DC204D18470096A094 /* tcp_connect.c */,
				8270E2DE204D191C0096A094 /* error.c */,
				822F7A392057C34F007727FA /* send_output.c */,
				822F7A3A2057C34F007727FA /* send_output.h */,
				823B70BE205A480100949F06 /* utils.c */,
				823B70BD205A47FB00949F06 /* utils.h */,
				828D0F6620633D38009D175E /* typedefs.h */,
			);
			path = client;
			sourceTree = "<group>";
		};
/* End PBXGroup section */

/* Begin PBXNativeTarget section */
		8270E2CE204D17500096A094 /* client */ = {
			isa = PBXNativeTarget;
			buildConfigurationList = 8270E2D6204D17500096A094 /* Build configuration list for PBXNativeTarget "client" */;
			buildPhases = (
				8270E2CB204D17500096A094 /* Sources */,
				8270E2CC204D17500096A094 /* Frameworks */,
				8270E2CD204D17500096A094 /* CopyFiles */,
			);
			buildRules = (
			);
			dependencies = (
			);
			name = client;
			productName = test;
			productReference = 8270E2CF204D17500096A094 /* client */;
			productType = "com.apple.product-type.tool";
		};
/* End PBXNativeTarget section */

/* Begin PBXProject section */
		8270E2C7204D17500096A094 /* Project object */ = {
			isa = PBXProject;
			attributes = {
				LastUpgradeCheck = 0920;
				ORGANIZATIONNAME = Mingle;
				TargetAttributes = {
					8270E2CE204D17500096A094 = {
						CreatedOnToolsVersion = 9.2;
						ProvisioningStyle = Automatic;
					};
				};
			};
			buildConfigurationList = 8270E2CA204D17500096A094 /* Build configuration list for PBXProject "client" */;
			compatibilityVersion = "Xcode 8.0";
			developmentRegion = en;
			hasScannedForEncodings = 0;
			knownRegions = (
				en,
			);
			mainGroup = 8270E2C6204D17500096A094;
			productRefGroup = 8270E2D0204D17500096A094 /* Products */;
			projectDirPath = "";
			projectRoot = "";
			targets = (
				8270E2CE204D17500096A094 /* client */,
			);
		};
/* End PBXProject section */

/* Begin PBXSourcesBuildPhase section */
		8270E2CB204D17500096A094 /* Sources */ = {
			isa = PBXSourcesBuildPhase;
			buildActionMask = 2147483647;
			files = (
				823B709D205A110500949F06 /* logout_response.c in Sources */,
				823B70A5205A110500949F06 /* user_info_response.c in Sources */,
				823B70C6205A52E100949F06 /* handle_input.c in Sources */,
				823B70D3205A59B600949F06 /* handle_recv.c in Sources */,
				823B70D6205A59E100949F06 /* handle_test_recv.c in Sources */,
				823B70E2205A718C00949F06 /* handle_send_input.c in Sources */,
				823B70E8205A7A5700949F06 /* handle_send_recv.c in Sources */,
				823B70A2205A110500949F06 /* send_msg_request.c in Sources */,
				823B70DC205A5A0100949F06 /* handle_login_recv.c in Sources */,
				823B709C205A110500949F06 /* logout_request.c in Sources */,
				823B7099205A110500949F06 /* data_error.c in Sources */,
				823B70CF205A544D00949F06 /* handle_user_list_input.c in Sources */,
				823B709A205A110500949F06 /* login_request.c in Sources */,
				82BE197E206380380003323A /* handle_logout_recv.c in Sources */,
				8270E2DF204D191C0096A094 /* error.c in Sources */,
				823B70A1205A110500949F06 /* register_response.c in Sources */,
				824BFB20205B59ED009AE8E5 /* handle_message_recv.c in Sources */,
				823B709B205A110500949F06 /* login_response.c in Sources */,
				823B70A7205A110500949F06 /* user_list_response.c in Sources */,
				823B70A4205A110500949F06 /* user_info_request.c in Sources */,
				822F7A3B2057C34F007727FA /* send_output.c in Sources */,
				823B70CC205A534500949F06 /* handle_login_input.c in Sources */,
				8270E2DD204D18470096A094 /* tcp_connect.c in Sources */,
				82BE197B20637F750003323A /* handle_logout_input.c in Sources */,
				823B709E205A110500949F06 /* protocol.c in Sources */,
				823B70A6205A110500949F06 /* user_list_request.c in Sources */,
				823B70BF205A480100949F06 /* utils.c in Sources */,
				822F7A3520576545007727FA /* cJSON.c in Sources */,
				823B70DF205A5B1200949F06 /* handle_user_list_recv.c in Sources */,
				823B70C9205A530900949F06 /* handle_test_input.c in Sources */,
				823B70A0205A110500949F06 /* register_request.c in Sources */,
				823B70A3205A110500949F06 /* send_msg_response.c in Sources */,
				823B70D9205A59F200949F06 /* handle_error_recv.c in Sources */,
				8270E2DB204D17A10096A094 /* client.c in Sources */,
				823B70EE205A7B5900949F06 /* message.c in Sources */,
			);
			runOnlyForDeploymentPostprocessing = 0;
		};
/* End PBXSourcesBuildPhase section */

/* Begin XCBuildConfiguration section */
		8270E2D4204D17500096A094 /* Debug */ = {
			isa = XCBuildConfiguration;
			buildSettings = {
				ALWAYS_SEARCH_USER_PATHS = NO;
				CLANG_ANALYZER_NONNULL = YES;
				CLANG_ANALYZER_NUMBER_OBJECT_CONVERSION = YES_AGGRESSIVE;
				CLANG_CXX_LANGUAGE_STANDARD = "gnu++14";
				CLANG_CXX_LIBRARY = "libc++";
				CLANG_ENABLE_MODULES = YES;
				CLANG_ENABLE_OBJC_ARC = YES;
				CLANG_WARN_BLOCK_CAPTURE_AUTORELEASING = YES;
				CLANG_WARN_BOOL_CONVERSION = YES;
				CLANG_WARN_COMMA = YES;
				CLANG_WARN_CONSTANT_CONVERSION = YES;
				CLANG_WARN_DIRECT_OBJC_ISA_USAGE = YES_ERROR;
				CLANG_WARN_DOCUMENTATION_COMMENTS = YES;
				CLANG_WARN_EMPTY_BODY = YES;
				CLANG_WARN_ENUM_CONVERSION = YES;
				CLANG_WARN_INFINITE_RECURSION = YES;
				CLANG_WARN_INT_CONVERSION = YES;
				CLANG_WARN_NON_LITERAL_NULL_CONVERSION = YES;
				CLANG_WARN_OBJC_LITERAL_CONVERSION = YES;
				CLANG_WARN_OBJC_ROOT_CLASS = YES_ERROR;
				CLANG_WARN_RANGE_LOOP_ANALYSIS = YES;
				CLANG_WARN_STRICT_PROTOTYPES = YES;
				CLANG_WARN_SUSPICIOUS_MOVE = YES;
				CLANG_WARN_UNGUARDED_AVAILABILITY = YES_AGGRESSIVE;
				CLANG_WARN_UNREACHABLE_CODE = YES;
				CLANG_WARN__DUPLICATE_METHOD_MATCH = YES;
				CODE_SIGN_IDENTITY = "Mac Developer";
				COPY_PHASE_STRIP = NO;
				DEBUG_INFORMATION_FORMAT = dwarf;
				ENABLE_STRICT_OBJC_MSGSEND = YES;
				ENABLE_TESTABILITY = YES;
				GCC_C_LANGUAGE_STANDARD = gnu11;
				GCC_DYNAMIC_NO_PIC = NO;
				GCC_NO_COMMON_BLOCKS = YES;
				GCC_OPTIMIZATION_LEVEL = 0;
				GCC_PREPROCESSOR_DEFINITIONS = (
					"DEBUG=1",
					"$(inherited)",
				);
				GCC_WARN_64_TO_32_BIT_CONVERSION = YES;
				GCC_WARN_ABOUT_RETURN_TYPE = YES_ERROR;
				GCC_WARN_UNDECLARED_SELECTOR = YES;
				GCC_WARN_UNINITIALIZED_AUTOS = YES_AGGRESSIVE;
				GCC_WARN_UNUSED_FUNCTION = YES;
				GCC_WARN_UNUSED_VARIABLE = YES;
				MACOSX_DEPLOYMENT_TARGET = 10.13;
				MTL_ENABLE_DEBUG_INFO = YES;
				ONLY_ACTIVE_ARCH = YES;
				SDKROOT = macosx;
			};
			name = Debug;
		};
		8270E2D5204D17500096A094 /* Release */ = {
			isa = XCBuildConfiguration;
			buildSettings = {
				ALWAYS_SEARCH_USER_PATHS = NO;
				CLANG_ANALYZER_NONNULL = YES;
				CLANG_ANALYZER_NUMBER_OBJECT_CONVERSION = YES_AGGRESSIVE;
				CLANG_CXX_LANGUAGE_STANDARD = "gnu++14";
				CLANG_CXX_LIBRARY = "libc++";
				CLANG_ENABLE_MODULES = YES;
				CLANG_ENABLE_OBJC_ARC = YES;
				CLANG_WARN_BLOCK_CAPTURE_AUTORELEASING = YES;
				CLANG_WARN_BOOL_CONVERSION = YES;
				CLANG_WARN_COMMA = YES;
				CLANG_WARN_CONSTANT_CONVERSION = YES;
				CLANG_WARN_DIRECT_OBJC_ISA_USAGE = YES_ERROR;
				CLANG_WARN_DOCUMENTATION_COMMENTS = YES;
				CLANG_WARN_EMPTY_BODY = YES;
				CLANG_WARN_ENUM_CONVERSION = YES;
				CLANG_WARN_INFINITE_RECURSION = YES;
				CLANG_WARN_INT_CONVERSION = YES;
				CLANG_WARN_NON_LITERAL_NULL_CONVERSION = YES;
				CLANG_WARN_OBJC_LITERAL_CONVERSION = YES;
				CLANG_WARN_OBJC_ROOT_CLASS = YES_ERROR;
				CLANG_WARN_RANGE_LOOP_ANALYSIS = YES;
				CLANG_WARN_STRICT_PROTOTYPES = YES;
				CLANG_WARN_SUSPICIOUS_MOVE = YES;
				CLANG_WARN_UNGUARDED_AVAILABILITY = YES_AGGRESSIVE;
				CLANG_WARN_UNREACHABLE_CODE = YES;
				CLANG_WARN__DUPLICATE_METHOD_MATCH = YES;
				CODE_SIGN_IDENTITY = "Mac Developer";
				COPY_PHASE_STRIP = NO;
				DEBUG_INFORMATION_FORMAT = "dwarf-with-dsym";
				ENABLE_NS_ASSERTIONS = NO;
				ENABLE_STRICT_OBJC_MSGSEND = YES;
				GCC_C_LANGUAGE_STANDARD = gnu11;
				GCC_NO_COMMON_BLOCKS = YES;
				GCC_WARN_64_TO_32_BIT_CONVERSION = YES;
				GCC_WARN_ABOUT_RETURN_TYPE = YES_ERROR;
				GCC_WARN_UNDECLARED_SELECTOR = YES;
				GCC_WARN_UNINITIALIZED_AUTOS = YES_AGGRESSIVE;
				GCC_WARN_UNUSED_FUNCTION = YES;
				GCC_WARN_UNUSED_VARIABLE = YES;
				MACOSX_DEPLOYMENT_TARGET = 10.13;
				MTL_ENABLE_DEBUG_INFO = NO;
				SDKROOT = macosx;
			};
			name = Release;
		};
		8270E2D7204D17500096A094 /* Debug */ = {
			isa = XCBuildConfiguration;
			buildSettings = {
				CODE_SIGN_STYLE = Automatic;
				DEVELOPMENT_TEAM = USZ9R7RQAA;
				PRODUCT_NAME = "$(TARGET_NAME)";
			};
			name = Debug;
		};
		8270E2D8204D17500096A094 /* Release */ = {
			isa = XCBuildConfiguration;
			buildSettings = {
				CODE_SIGN_STYLE = Automatic;
				DEVELOPMENT_TEAM = USZ9R7RQAA;
				PRODUCT_NAME = "$(TARGET_NAME)";
			};
			name = Release;
		};
/* End XCBuildConfiguration section */

/* Begin XCConfigurationList section */
		8270E2CA204D17500096A094 /* Build configuration list for PBXProject "client" */ = {
			isa = XCConfigurationList;
			buildConfigurations = (
				8270E2D4204D17500096A094 /* Debug */,
				8270E2D5204D17500096A094 /* Release */,
			);
			defaultConfigurationIsVisible = 0;
			defaultConfigurationName = Release;
		};
		8270E2D6204D17500096A094 /* Build configuration list for PBXNativeTarget "client" */ = {
			isa = XCConfigurationList;
			buildConfigurations = (
				8270E2D7204D17500096A094 /* Debug */,
				8270E2D8204D17500096A094 /* Release */,
			);
			defaultConfigurationIsVisible = 0;
			defaultConfigurationName = Release;
		};
/* End XCConfigurationList section */
	};
	rootObject = 8270E2C7204D17500096A094 /* Project object */;
}
